dependencies:
- name: cloudnative-pg
  repository: https://cloudnative-pg.github.io/charts
  version: 0.24.0
- name: dashboard
  version: 0.1.1
- name: management
  version: 0.1.1
- name: signal
  version: 0.1.1
- name: relay
  version: 0.1.1
digest: sha256:e9179b3312ceeebc76993c6b43725e6b866c3c1154e3af5abc7eaca4450ce3cc
generated: "2025-07-09T10:58:59.889793874+08:00"
