dependencies:
- name: cloudnative-pg
  repository: https://cloudnative-pg.github.io/charts
  version: 0.24.0
- name: dashboard
  repository: file://charts/dashboard
  version: 0.1.0
- name: management
  repository: file://charts/management
  version: 0.1.0
- name: signal
  repository: file://charts/signal
  version: 0.1.0
- name: relay
  repository: file://charts/relay
  version: 0.1.0
digest: sha256:0c23dcf85b27418aa048b8497984abc0380d336ee9729021d5baba26d54076f7
generated: "2025-07-08T15:16:08.011099342+08:00"
